
Microsoft Visual Studio Solution File, Format Version 12.00
# Visual Studio Version 17
VisualStudioVersion = 17.0.32112.339
MinimumVisualStudioVersion = 10.0.40219.1
Project("{FAE04EC0-301F-11D3-BF4B-00C04F79EFBC}") = "WebApp2", "WebApp2\WebApp2.csproj", "{B15478E5-DBA6-450E-B791-131ABF1E590D}"
EndProject
Global
	GlobalSection(SolutionConfigurationPlatforms) = preSolution
		Debug|Any CPU = Debug|Any CPU
		Release|Any CPU = Release|Any CPU
	EndGlobalSection
	GlobalSection(ProjectConfigurationPlatforms) = postSolution
		{B15478E5-DBA6-450E-B791-131ABF1E590D}.Debug|Any CPU.ActiveCfg = Debug|Any CPU
		{B15478E5-DBA6-450E-B791-131ABF1E590D}.Debug|Any CPU.Build.0 = Debug|Any CPU
		{B15478E5-DBA6-450E-B791-131ABF1E590D}.Release|Any CPU.ActiveCfg = Release|Any CPU
		{B15478E5-DBA6-450E-B791-131ABF1E590D}.Release|Any CPU.Build.0 = Release|Any CPU
	EndGlobalSection
	GlobalSection(SolutionProperties) = preSolution
		HideSolutionNode = FALSE
	EndGlobalSection
	GlobalSection(ExtensibilityGlobals) = postSolution
		SolutionGuid = {A176683F-DDE9-4206-BFA5-8F4AA8C26A69}
	EndGlobalSection
EndGlobal
